
Microsoft Visual Studio Solution File, Format Version 12.00
# Visual Studio Version 16
VisualStudioVersion = 16.0.29306.81
MinimumVisualStudioVersion = 10.0.40219.1
Project("{8BC9CEB8-8B4A-11D0-8D11-00A0C91BC942}") = "A 中缀表达式的值", "A 中缀表达式的值.vcxproj", "{EE922C53-CAD3-4AF2-83E4-A78ED448D1EA}"
EndProject
Project("{8BC9CEB8-8B4A-11D0-8D11-00A0C91BC942}") = "B 括号匹配", "..\B 括号匹配\B 括号匹配.vcxproj", "{D6867AAB-C429-4EE9-868B-7066BBC1C2C1}"
EndProject
Project("{8BC9CEB8-8B4A-11D0-8D11-00A0C91BC942}") = "C 走迷宫", "..\C 走迷宫\C 走迷宫.vcxproj", "{5B339558-935A-43A4-A09E-5FBB20C7AE26}"
EndProject
Global
	GlobalSection(SolutionConfigurationPlatforms) = preSolution
		Debug|x64 = Debug|x64
		Debug|x86 = Debug|x86
		Release|x64 = Release|x64
		Release|x86 = Release|x86
	EndGlobalSection
	GlobalSection(ProjectConfigurationPlatforms) = postSolution
		{EE922C53-CAD3-4AF2-83E4-A78ED448D1EA}.Debug|x64.ActiveCfg = Debug|x64
		{EE922C53-CAD3-4AF2-83E4-A78ED448D1EA}.Debug|x64.Build.0 = Debug|x64
		{EE922C53-CAD3-4AF2-83E4-A78ED448D1EA}.Debug|x86.ActiveCfg = Debug|Win32
		{EE922C53-CAD3-4AF2-83E4-A78ED448D1EA}.Debug|x86.Build.0 = Debug|Win32
		{EE922C53-CAD3-4AF2-83E4-A78ED448D1EA}.Release|x64.ActiveCfg = Release|x64
		{EE922C53-CAD3-4AF2-83E4-A78ED448D1EA}.Release|x64.Build.0 = Release|x64
		{EE922C53-CAD3-4AF2-83E4-A78ED448D1EA}.Release|x86.ActiveCfg = Release|Win32
		{EE922C53-CAD3-4AF2-83E4-A78ED448D1EA}.Release|x86.Build.0 = Release|Win32
		{D6867AAB-C429-4EE9-868B-7066BBC1C2C1}.Debug|x64.ActiveCfg = Debug|x64
		{D6867AAB-C429-4EE9-868B-7066BBC1C2C1}.Debug|x64.Build.0 = Debug|x64
		{D6867AAB-C429-4EE9-868B-7066BBC1C2C1}.Debug|x86.ActiveCfg = Debug|Win32
		{D6867AAB-C429-4EE9-868B-7066BBC1C2C1}.Debug|x86.Build.0 = Debug|Win32
		{D6867AAB-C429-4EE9-868B-7066BBC1C2C1}.Release|x64.ActiveCfg = Release|x64
		{D6867AAB-C429-4EE9-868B-7066BBC1C2C1}.Release|x64.Build.0 = Release|x64
		{D6867AAB-C429-4EE9-868B-7066BBC1C2C1}.Release|x86.ActiveCfg = Release|Win32
		{D6867AAB-C429-4EE9-868B-7066BBC1C2C1}.Release|x86.Build.0 = Release|Win32
		{5B339558-935A-43A4-A09E-5FBB20C7AE26}.Debug|x64.ActiveCfg = Debug|x64
		{5B339558-935A-43A4-A09E-5FBB20C7AE26}.Debug|x64.Build.0 = Debug|x64
		{5B339558-935A-43A4-A09E-5FBB20C7AE26}.Debug|x86.ActiveCfg = Debug|Win32
		{5B339558-935A-43A4-A09E-5FBB20C7AE26}.Debug|x86.Build.0 = Debug|Win32
		{5B339558-935A-43A4-A09E-5FBB20C7AE26}.Release|x64.ActiveCfg = Release|x64
		{5B339558-935A-43A4-A09E-5FBB20C7AE26}.Release|x64.Build.0 = Release|x64
		{5B339558-935A-43A4-A09E-5FBB20C7AE26}.Release|x86.ActiveCfg = Release|Win32
		{5B339558-935A-43A4-A09E-5FBB20C7AE26}.Release|x86.Build.0 = Release|Win32
	EndGlobalSection
	GlobalSection(SolutionProperties) = preSolution
		HideSolutionNode = FALSE
	EndGlobalSection
	GlobalSection(ExtensibilityGlobals) = postSolution
		SolutionGuid = {D9EA47E8-0B76-4DCA-80FB-AA18A0FB1A51}
	EndGlobalSection
EndGlobal
